// !$*UTF8*$!
{
	archiveVersion = 1;
	classes = {
	};
	objectVersion = 55;
	objects = {

/* Begin PBXBuildFile section */
		99F33214A7BD397B93B60009 /* Pods_BlockchainSdkExample.framework in Frameworks */ = {isa = PBXBuildFile; fileRef = D6833A14C6729284DDBDD30F /* Pods_BlockchainSdkExample.framework */; };
		DA2264132774B1C600B42E26 /* BlockchainSdkExampleApp.swift in Sources */ = {isa = PBXBuildFile; fileRef = DA2264122774B1C600B42E26 /* BlockchainSdkExampleApp.swift */; };
		DA2264152774B1C600B42E26 /* ContentView.swift in Sources */ = {isa = PBXBuildFile; fileRef = DA2264142774B1C600B42E26 /* ContentView.swift */; };
		DA2264172774B1C800B42E26 /* Assets.xcassets in Resources */ = {isa = PBXBuildFile; fileRef = DA2264162774B1C800B42E26 /* Assets.xcassets */; };
		DA22641A2774B1C800B42E26 /* Preview Assets.xcassets in Resources */ = {isa = PBXBuildFile; fileRef = DA2264192774B1C800B42E26 /* Preview Assets.xcassets */; };
		DA22642E2774B62E00B42E26 /* BlockchainSdk.framework in Frameworks */ = {isa = PBXBuildFile; fileRef = DA22642D2774B62E00B42E26 /* BlockchainSdk.framework */; };
		DA22642F2774B62E00B42E26 /* BlockchainSdk.framework in Embed Frameworks */ = {isa = PBXBuildFile; fileRef = DA22642D2774B62E00B42E26 /* BlockchainSdk.framework */; settings = {ATTRIBUTES = (CodeSignOnCopy, RemoveHeadersOnCopy, ); }; };
/* End PBXBuildFile section */

/* Begin PBXCopyFilesBuildPhase section */
		DA2264302774B62E00B42E26 /* Embed Frameworks */ = {
			isa = PBXCopyFilesBuildPhase;
			buildActionMask = 2147483647;
			dstPath = "";
			dstSubfolderSpec = 10;
			files = (
				DA22642F2774B62E00B42E26 /* BlockchainSdk.framework in Embed Frameworks */,
			);
			name = "Embed Frameworks";
			runOnlyForDeploymentPostprocessing = 0;
		};
/* End PBXCopyFilesBuildPhase section */

/* Begin PBXFileReference section */
		38F139952510721548DB2C10 /* Pods-BlockchainSdkExample.release.xcconfig */ = {isa = PBXFileReference; includeInIndex = 1; lastKnownFileType = text.xcconfig; name = "Pods-BlockchainSdkExample.release.xcconfig"; path = "Target Support Files/Pods-BlockchainSdkExample/Pods-BlockchainSdkExample.release.xcconfig"; sourceTree = "<group>"; };
		A1D98EFCDF2E80799847F274 /* Pods-BlockchainSdkExample.debug.xcconfig */ = {isa = PBXFileReference; includeInIndex = 1; lastKnownFileType = text.xcconfig; name = "Pods-BlockchainSdkExample.debug.xcconfig"; path = "Target Support Files/Pods-BlockchainSdkExample/Pods-BlockchainSdkExample.debug.xcconfig"; sourceTree = "<group>"; };
		D6833A14C6729284DDBDD30F /* Pods_BlockchainSdkExample.framework */ = {isa = PBXFileReference; explicitFileType = wrapper.framework; includeInIndex = 0; path = Pods_BlockchainSdkExample.framework; sourceTree = BUILT_PRODUCTS_DIR; };
		DA22640F2774B1C600B42E26 /* BlockchainSdkExample.app */ = {isa = PBXFileReference; explicitFileType = wrapper.application; includeInIndex = 0; path = BlockchainSdkExample.app; sourceTree = BUILT_PRODUCTS_DIR; };
		DA2264122774B1C600B42E26 /* BlockchainSdkExampleApp.swift */ = {isa = PBXFileReference; lastKnownFileType = sourcecode.swift; path = BlockchainSdkExampleApp.swift; sourceTree = "<group>"; };
		DA2264142774B1C600B42E26 /* ContentView.swift */ = {isa = PBXFileReference; lastKnownFileType = sourcecode.swift; path = ContentView.swift; sourceTree = "<group>"; };
		DA2264162774B1C800B42E26 /* Assets.xcassets */ = {isa = PBXFileReference; lastKnownFileType = folder.assetcatalog; path = Assets.xcassets; sourceTree = "<group>"; };
		DA2264192774B1C800B42E26 /* Preview Assets.xcassets */ = {isa = PBXFileReference; lastKnownFileType = folder.assetcatalog; path = "Preview Assets.xcassets"; sourceTree = "<group>"; };
		DA22642D2774B62E00B42E26 /* BlockchainSdk.framework */ = {isa = PBXFileReference; explicitFileType = wrapper.framework; path = BlockchainSdk.framework; sourceTree = BUILT_PRODUCTS_DIR; };
		DA2264312774B69D00B42E26 /* BlockchainSdkExample.entitlements */ = {isa = PBXFileReference; lastKnownFileType = text.plist.entitlements; path = BlockchainSdkExample.entitlements; sourceTree = "<group>"; };
		DA2264322774B6F700B42E26 /* Info.plist */ = {isa = PBXFileReference; lastKnownFileType = text.plist; path = Info.plist; sourceTree = "<group>"; };
/* End PBXFileReference section */

/* Begin PBXFrameworksBuildPhase section */
		DA22640C2774B1C600B42E26 /* Frameworks */ = {
			isa = PBXFrameworksBuildPhase;
			buildActionMask = 2147483647;
			files = (
				99F33214A7BD397B93B60009 /* Pods_BlockchainSdkExample.framework in Frameworks */,
				DA22642E2774B62E00B42E26 /* BlockchainSdk.framework in Frameworks */,
			);
			runOnlyForDeploymentPostprocessing = 0;
		};
/* End PBXFrameworksBuildPhase section */

/* Begin PBXGroup section */
		09DED86EA4D7FF11B08348E6 /* Pods */ = {
			isa = PBXGroup;
			children = (
				A1D98EFCDF2E80799847F274 /* Pods-BlockchainSdkExample.debug.xcconfig */,
				38F139952510721548DB2C10 /* Pods-BlockchainSdkExample.release.xcconfig */,
			);
			name = Pods;
			path = ../Pods;
			sourceTree = "<group>";
		};
		DA2264062774B1C600B42E26 = {
			isa = PBXGroup;
			children = (
				DA2264112774B1C600B42E26 /* BlockchainSdkExample */,
				DA2264102774B1C600B42E26 /* Products */,
				09DED86EA4D7FF11B08348E6 /* Pods */,
				DEB6D048D01DA47C6EAE86D0 /* Frameworks */,
			);
			sourceTree = "<group>";
		};
		DA2264102774B1C600B42E26 /* Products */ = {
			isa = PBXGroup;
			children = (
				DA22640F2774B1C600B42E26 /* BlockchainSdkExample.app */,
			);
			name = Products;
			sourceTree = "<group>";
		};
		DA2264112774B1C600B42E26 /* BlockchainSdkExample */ = {
			isa = PBXGroup;
			children = (
				DA2264322774B6F700B42E26 /* Info.plist */,
				DA2264312774B69D00B42E26 /* BlockchainSdkExample.entitlements */,
				DA2264122774B1C600B42E26 /* BlockchainSdkExampleApp.swift */,
				DA2264142774B1C600B42E26 /* ContentView.swift */,
				DA2264162774B1C800B42E26 /* Assets.xcassets */,
				DA2264182774B1C800B42E26 /* Preview Content */,
			);
			path = BlockchainSdkExample;
			sourceTree = "<group>";
		};
		DA2264182774B1C800B42E26 /* Preview Content */ = {
			isa = PBXGroup;
			children = (
				DA2264192774B1C800B42E26 /* Preview Assets.xcassets */,
			);
			path = "Preview Content";
			sourceTree = "<group>";
		};
		DEB6D048D01DA47C6EAE86D0 /* Frameworks */ = {
			isa = PBXGroup;
			children = (
				DA22642D2774B62E00B42E26 /* BlockchainSdk.framework */,
				D6833A14C6729284DDBDD30F /* Pods_BlockchainSdkExample.framework */,
			);
			name = Frameworks;
			sourceTree = "<group>";
		};
/* End PBXGroup section */

/* Begin PBXNativeTarget section */
		DA22640E2774B1C600B42E26 /* BlockchainSdkExample */ = {
			isa = PBXNativeTarget;
			buildConfigurationList = DA22641D2774B1C800B42E26 /* Build configuration list for PBXNativeTarget "BlockchainSdkExample" */;
			buildPhases = (
				9910D8B3980F36EFA49E2CD8 /* [CP] Check Pods Manifest.lock */,
				DA22640B2774B1C600B42E26 /* Sources */,
				DA22640C2774B1C600B42E26 /* Frameworks */,
				DA22640D2774B1C600B42E26 /* Resources */,
				08B4FC0F14A4C7ED77A99DF3 /* [CP] Embed Pods Frameworks */,
				DA2264302774B62E00B42E26 /* Embed Frameworks */,
			);
			buildRules = (
			);
			dependencies = (
			);
			name = BlockchainSdkExample;
			productName = BlockchainSdkExample;
			productReference = DA22640F2774B1C600B42E26 /* BlockchainSdkExample.app */;
			productType = "com.apple.product-type.application";
		};
/* End PBXNativeTarget section */

/* Begin PBXProject section */
		DA2264072774B1C600B42E26 /* Project object */ = {
			isa = PBXProject;
			attributes = {
				BuildIndependentTargetsInParallel = 1;
				LastSwiftUpdateCheck = 1320;
				LastUpgradeCheck = 1320;
				TargetAttributes = {
					DA22640E2774B1C600B42E26 = {
						CreatedOnToolsVersion = 13.2;
					};
				};
			};
			buildConfigurationList = DA22640A2774B1C600B42E26 /* Build configuration list for PBXProject "BlockchainSdkExample" */;
			compatibilityVersion = "Xcode 13.0";
			developmentRegion = en;
			hasScannedForEncodings = 0;
			knownRegions = (
				en,
				Base,
			);
			mainGroup = DA2264062774B1C600B42E26;
			productRefGroup = DA2264102774B1C600B42E26 /* Products */;
			projectDirPath = "";
			projectRoot = "";
			targets = (
				DA22640E2774B1C600B42E26 /* BlockchainSdkExample */,
			);
		};
/* End PBXProject section */

/* Begin PBXResourcesBuildPhase section */
		DA22640D2774B1C600B42E26 /* Resources */ = {
			isa = PBXResourcesBuildPhase;
			buildActionMask = 2147483647;
			files = (
				DA22641A2774B1C800B42E26 /* Preview Assets.xcassets in Resources */,
				DA2264172774B1C800B42E26 /* Assets.xcassets in Resources */,
			);
			runOnlyForDeploymentPostprocessing = 0;
		};
/* End PBXResourcesBuildPhase section */

/* Begin PBXShellScriptBuildPhase section */
		08B4FC0F14A4C7ED77A99DF3 /* [CP] Embed Pods Frameworks */ = {
			isa = PBXShellScriptBuildPhase;
			buildActionMask = 2147483647;
			files = (
			);
			inputFileListPaths = (
				"${PODS_ROOT}/Target Support Files/Pods-BlockchainSdkExample/Pods-BlockchainSdkExample-frameworks-${CONFIGURATION}-input-files.xcfilelist",
			);
			name = "[CP] Embed Pods Frameworks";
			outputFileListPaths = (
				"${PODS_ROOT}/Target Support Files/Pods-BlockchainSdkExample/Pods-BlockchainSdkExample-frameworks-${CONFIGURATION}-output-files.xcfilelist",
			);
			runOnlyForDeploymentPostprocessing = 0;
			shellPath = /bin/sh;
			shellScript = "\"${PODS_ROOT}/Target Support Files/Pods-BlockchainSdkExample/Pods-BlockchainSdkExample-frameworks.sh\"\n";
			showEnvVarsInLog = 0;
		};
		9910D8B3980F36EFA49E2CD8 /* [CP] Check Pods Manifest.lock */ = {
			isa = PBXShellScriptBuildPhase;
			buildActionMask = 2147483647;
			files = (
			);
			inputFileListPaths = (
			);
			inputPaths = (
				"${PODS_PODFILE_DIR_PATH}/Podfile.lock",
				"${PODS_ROOT}/Manifest.lock",
			);
			name = "[CP] Check Pods Manifest.lock";
			outputFileListPaths = (
			);
			outputPaths = (
				"$(DERIVED_FILE_DIR)/Pods-BlockchainSdkExample-checkManifestLockResult.txt",
			);
			runOnlyForDeploymentPostprocessing = 0;
			shellPath = /bin/sh;
			shellScript = "diff \"${PODS_PODFILE_DIR_PATH}/Podfile.lock\" \"${PODS_ROOT}/Manifest.lock\" > /dev/null\nif [ $? != 0 ] ; then\n    # print error to STDERR\n    echo \"error: The sandbox is not in sync with the Podfile.lock. Run 'pod install' or update your CocoaPods installation.\" >&2\n    exit 1\nfi\n# This output is used by Xcode 'outputs' to avoid re-running this script phase.\necho \"SUCCESS\" > \"${SCRIPT_OUTPUT_FILE_0}\"\n";
			showEnvVarsInLog = 0;
		};
/* End PBXShellScriptBuildPhase section */

/* Begin PBXSourcesBuildPhase section */
		DA22640B2774B1C600B42E26 /* Sources */ = {
			isa = PBXSourcesBuildPhase;
			buildActionMask = 2147483647;
			files = (
				DA2264152774B1C600B42E26 /* ContentView.swift in Sources */,
				DA2264132774B1C600B42E26 /* BlockchainSdkExampleApp.swift in Sources */,
			);
			runOnlyForDeploymentPostprocessing = 0;
		};
/* End PBXSourcesBuildPhase section */

/* Begin XCBuildConfiguration section */
		DA22641B2774B1C800B42E26 /* Debug */ = {
			isa = XCBuildConfiguration;
			buildSettings = {
				ALWAYS_SEARCH_USER_PATHS = NO;
				CLANG_ANALYZER_NONNULL = YES;
				CLANG_ANALYZER_NUMBER_OBJECT_CONVERSION = YES_AGGRESSIVE;
				CLANG_CXX_LANGUAGE_STANDARD = "gnu++17";
				CLANG_CXX_LIBRARY = "libc++";
				CLANG_ENABLE_MODULES = YES;
				CLANG_ENABLE_OBJC_ARC = YES;
				CLANG_ENABLE_OBJC_WEAK = YES;
				CLANG_WARN_BLOCK_CAPTURE_AUTORELEASING = YES;
				CLANG_WARN_BOOL_CONVERSION = YES;
				CLANG_WARN_COMMA = YES;
				CLANG_WARN_CONSTANT_CONVERSION = YES;
				CLANG_WARN_DEPRECATED_OBJC_IMPLEMENTATIONS = YES;
				CLANG_WARN_DIRECT_OBJC_ISA_USAGE = YES_ERROR;
				CLANG_WARN_DOCUMENTATION_COMMENTS = YES;
				CLANG_WARN_EMPTY_BODY = YES;
				CLANG_WARN_ENUM_CONVERSION = YES;
				CLANG_WARN_INFINITE_RECURSION = YES;
				CLANG_WARN_INT_CONVERSION = YES;
				CLANG_WARN_NON_LITERAL_NULL_CONVERSION = YES;
				CLANG_WARN_OBJC_IMPLICIT_RETAIN_SELF = YES;
				CLANG_WARN_OBJC_LITERAL_CONVERSION = YES;
				CLANG_WARN_OBJC_ROOT_CLASS = YES_ERROR;
				CLANG_WARN_QUOTED_INCLUDE_IN_FRAMEWORK_HEADER = YES;
				CLANG_WARN_RANGE_LOOP_ANALYSIS = YES;
				CLANG_WARN_STRICT_PROTOTYPES = YES;
				CLANG_WARN_SUSPICIOUS_MOVE = YES;
				CLANG_WARN_UNGUARDED_AVAILABILITY = YES_AGGRESSIVE;
				CLANG_WARN_UNREACHABLE_CODE = YES;
				CLANG_WARN__DUPLICATE_METHOD_MATCH = YES;
				COPY_PHASE_STRIP = NO;
				DEBUG_INFORMATION_FORMAT = dwarf;
				ENABLE_STRICT_OBJC_MSGSEND = YES;
				ENABLE_TESTABILITY = YES;
				GCC_C_LANGUAGE_STANDARD = gnu11;
				GCC_DYNAMIC_NO_PIC = NO;
				GCC_NO_COMMON_BLOCKS = YES;
				GCC_OPTIMIZATION_LEVEL = 0;
				GCC_PREPROCESSOR_DEFINITIONS = (
					"DEBUG=1",
					"$(inherited)",
				);
				GCC_WARN_64_TO_32_BIT_CONVERSION = YES;
				GCC_WARN_ABOUT_RETURN_TYPE = YES_ERROR;
				GCC_WARN_UNDECLARED_SELECTOR = YES;
				GCC_WARN_UNINITIALIZED_AUTOS = YES_AGGRESSIVE;
				GCC_WARN_UNUSED_FUNCTION = YES;
				GCC_WARN_UNUSED_VARIABLE = YES;
				IPHONEOS_DEPLOYMENT_TARGET = 15.2;
				MTL_ENABLE_DEBUG_INFO = INCLUDE_SOURCE;
				MTL_FAST_MATH = YES;
				ONLY_ACTIVE_ARCH = YES;
				SDKROOT = iphoneos;
				SWIFT_ACTIVE_COMPILATION_CONDITIONS = DEBUG;
				SWIFT_OPTIMIZATION_LEVEL = "-Onone";
			};
			name = Debug;
		};
		DA22641C2774B1C800B42E26 /* Release */ = {
			isa = XCBuildConfiguration;
			buildSettings = {
				ALWAYS_SEARCH_USER_PATHS = NO;
				CLANG_ANALYZER_NONNULL = YES;
				CLANG_ANALYZER_NUMBER_OBJECT_CONVERSION = YES_AGGRESSIVE;
				CLANG_CXX_LANGUAGE_STANDARD = "gnu++17";
				CLANG_CXX_LIBRARY = "libc++";
				CLANG_ENABLE_MODULES = YES;
				CLANG_ENABLE_OBJC_ARC = YES;
				CLANG_ENABLE_OBJC_WEAK = YES;
				CLANG_WARN_BLOCK_CAPTURE_AUTORELEASING = YES;
				CLANG_WARN_BOOL_CONVERSION = YES;
				CLANG_WARN_COMMA = YES;
				CLANG_WARN_CONSTANT_CONVERSION = YES;
				CLANG_WARN_DEPRECATED_OBJC_IMPLEMENTATIONS = YES;
				CLANG_WARN_DIRECT_OBJC_ISA_USAGE = YES_ERROR;
				CLANG_WARN_DOCUMENTATION_COMMENTS = YES;
				CLANG_WARN_EMPTY_BODY = YES;
				CLANG_WARN_ENUM_CONVERSION = YES;
				CLANG_WARN_INFINITE_RECURSION = YES;
				CLANG_WARN_INT_CONVERSION = YES;
				CLANG_WARN_NON_LITERAL_NULL_CONVERSION = YES;
				CLANG_WARN_OBJC_IMPLICIT_RETAIN_SELF = YES;
				CLANG_WARN_OBJC_LITERAL_CONVERSION = YES;
				CLANG_WARN_OBJC_ROOT_CLASS = YES_ERROR;
				CLANG_WARN_QUOTED_INCLUDE_IN_FRAMEWORK_HEADER = YES;
				CLANG_WARN_RANGE_LOOP_ANALYSIS = YES;
				CLANG_WARN_STRICT_PROTOTYPES = YES;
				CLANG_WARN_SUSPICIOUS_MOVE = YES;
				CLANG_WARN_UNGUARDED_AVAILABILITY = YES_AGGRESSIVE;
				CLANG_WARN_UNREACHABLE_CODE = YES;
				CLANG_WARN__DUPLICATE_METHOD_MATCH = YES;
				COPY_PHASE_STRIP = NO;
				DEBUG_INFORMATION_FORMAT = "dwarf-with-dsym";
				ENABLE_NS_ASSERTIONS = NO;
				ENABLE_STRICT_OBJC_MSGSEND = YES;
				GCC_C_LANGUAGE_STANDARD = gnu11;
				GCC_NO_COMMON_BLOCKS = YES;
				GCC_WARN_64_TO_32_BIT_CONVERSION = YES;
				GCC_WARN_ABOUT_RETURN_TYPE = YES_ERROR;
				GCC_WARN_UNDECLARED_SELECTOR = YES;
				GCC_WARN_UNINITIALIZED_AUTOS = YES_AGGRESSIVE;
				GCC_WARN_UNUSED_FUNCTION = YES;
				GCC_WARN_UNUSED_VARIABLE = YES;
				IPHONEOS_DEPLOYMENT_TARGET = 15.2;
				MTL_ENABLE_DEBUG_INFO = NO;
				MTL_FAST_MATH = YES;
				SDKROOT = iphoneos;
				SWIFT_COMPILATION_MODE = wholemodule;
				SWIFT_OPTIMIZATION_LEVEL = "-O";
				VALIDATE_PRODUCT = YES;
			};
			name = Release;
		};
		DA22641E2774B1C800B42E26 /* Debug */ = {
			isa = XCBuildConfiguration;
			baseConfigurationReference = A1D98EFCDF2E80799847F274 /* Pods-BlockchainSdkExample.debug.xcconfig */;
			buildSettings = {
				ASSETCATALOG_COMPILER_APPICON_NAME = AppIcon;
				ASSETCATALOG_COMPILER_GLOBAL_ACCENT_COLOR_NAME = AccentColor;
				CODE_SIGN_ENTITLEMENTS = BlockchainSdkExample/BlockchainSdkExample.entitlements;
				CODE_SIGN_STYLE = Automatic;
				CURRENT_PROJECT_VERSION = 1;
				DEVELOPMENT_ASSET_PATHS = "\"BlockchainSdkExample/Preview Content\"";
				DEVELOPMENT_TEAM = 4897UJ6D8C;
				ENABLE_PREVIEWS = YES;
				GENERATE_INFOPLIST_FILE = YES;
				INFOPLIST_FILE = BlockchainSdkExample/Info.plist;
				INFOPLIST_KEY_NFCReaderUsageDescription = "Reason for NFC use";
				INFOPLIST_KEY_UIApplicationSceneManifest_Generation = YES;
				INFOPLIST_KEY_UIApplicationSupportsIndirectInputEvents = YES;
				INFOPLIST_KEY_UILaunchScreen_Generation = YES;
				INFOPLIST_KEY_UIRequiredDeviceCapabilities = nfc;
				INFOPLIST_KEY_UISupportedInterfaceOrientations_iPad = "UIInterfaceOrientationPortrait UIInterfaceOrientationPortraitUpsideDown UIInterfaceOrientationLandscapeLeft UIInterfaceOrientationLandscapeRight";
				INFOPLIST_KEY_UISupportedInterfaceOrientations_iPhone = "UIInterfaceOrientationPortrait UIInterfaceOrientationLandscapeLeft UIInterfaceOrientationLandscapeRight";
				LD_RUNPATH_SEARCH_PATHS = (
					"$(inherited)",
					"@executable_path/Frameworks",
				);
				MARKETING_VERSION = 1.0;
				PRODUCT_BUNDLE_IDENTIFIER = com.tangem.BlockchainSdkExample;
				PRODUCT_NAME = "$(TARGET_NAME)";
				SWIFT_EMIT_LOC_STRINGS = YES;
				SWIFT_VERSION = 5.0;
				TARGETED_DEVICE_FAMILY = "1,2";
			};
			name = Debug;
		};
		DA22641F2774B1C800B42E26 /* Release */ = {
			isa = XCBuildConfiguration;
			baseConfigurationReference = 38F139952510721548DB2C10 /* Pods-BlockchainSdkExample.release.xcconfig */;
			buildSettings = {
				ASSETCATALOG_COMPILER_APPICON_NAME = AppIcon;
				ASSETCATALOG_COMPILER_GLOBAL_ACCENT_COLOR_NAME = AccentColor;
				CODE_SIGN_ENTITLEMENTS = BlockchainSdkExample/BlockchainSdkExample.entitlements;
				CODE_SIGN_STYLE = Automatic;
				CURRENT_PROJECT_VERSION = 1;
				DEVELOPMENT_ASSET_PATHS = "\"BlockchainSdkExample/Preview Content\"";
				DEVELOPMENT_TEAM = 4897UJ6D8C;
				ENABLE_PREVIEWS = YES;
				GENERATE_INFOPLIST_FILE = YES;
				INFOPLIST_FILE = BlockchainSdkExample/Info.plist;
				INFOPLIST_KEY_NFCReaderUsageDescription = "Reason for NFC use";
				INFOPLIST_KEY_UIApplicationSceneManifest_Generation = YES;
				INFOPLIST_KEY_UIApplicationSupportsIndirectInputEvents = YES;
				INFOPLIST_KEY_UILaunchScreen_Generation = YES;
				INFOPLIST_KEY_UIRequiredDeviceCapabilities = nfc;
				INFOPLIST_KEY_UISupportedInterfaceOrientations_iPad = "UIInterfaceOrientationPortrait UIInterfaceOrientationPortraitUpsideDown UIInterfaceOrientationLandscapeLeft UIInterfaceOrientationLandscapeRight";
				INFOPLIST_KEY_UISupportedInterfaceOrientations_iPhone = "UIInterfaceOrientationPortrait UIInterfaceOrientationLandscapeLeft UIInterfaceOrientationLandscapeRight";
				LD_RUNPATH_SEARCH_PATHS = (
					"$(inherited)",
					"@executable_path/Frameworks",
				);
				MARKETING_VERSION = 1.0;
				PRODUCT_BUNDLE_IDENTIFIER = com.tangem.BlockchainSdkExample;
				PRODUCT_NAME = "$(TARGET_NAME)";
				SWIFT_EMIT_LOC_STRINGS = YES;
				SWIFT_VERSION = 5.0;
				TARGETED_DEVICE_FAMILY = "1,2";
			};
			name = Release;
		};
/* End XCBuildConfiguration section */

/* Begin XCConfigurationList section */
		DA22640A2774B1C600B42E26 /* Build configuration list for PBXProject "BlockchainSdkExample" */ = {
			isa = XCConfigurationList;
			buildConfigurations = (
				DA22641B2774B1C800B42E26 /* Debug */,
				DA22641C2774B1C800B42E26 /* Release */,
			);
			defaultConfigurationIsVisible = 0;
			defaultConfigurationName = Release;
		};
		DA22641D2774B1C800B42E26 /* Build configuration list for PBXNativeTarget "BlockchainSdkExample" */ = {
			isa = XCConfigurationList;
			buildConfigurations = (
				DA22641E2774B1C800B42E26 /* Debug */,
				DA22641F2774B1C800B42E26 /* Release */,
			);
			defaultConfigurationIsVisible = 0;
			defaultConfigurationName = Release;
		};
/* End XCConfigurationList section */
	};
	rootObject = DA2264072774B1C600B42E26 /* Project object */;
}
